<?xml version="1.0" encoding="utf-8"?>
<Project ToolsVersion="4.0" xmlns="http://schemas.microsoft.com/developer/msbuild/2003">
  <ItemGroup>
    <Filter Include="源文件">
      <UniqueIdentifier>{4FC737F1-C7A5-4376-A066-2A32D752A2FF}</UniqueIdentifier>
      <Extensions>cpp;c;cc;cxx;def;odl;idl;hpj;bat;asm;asmx</Extensions>
    </Filter>
    <Filter Include="资源文件">
      <UniqueIdentifier>{67DA6AB6-F800-4c08-8B7A-83BB121AAD01}</UniqueIdentifier>
      <Extensions>rc;ico;cur;bmp;dlg;rc2;rct;bin;rgs;gif;jpg;jpeg;jpe;resx;tiff;tif;png;wav;mfcribbon-ms</Extensions>
    </Filter>
    <Filter Include="头文件">
      <UniqueIdentifier>{e4301658-d38a-4d21-8a45-64fc025bc2d1}</UniqueIdentifier>
    </Filter>
  </ItemGroup>
  <ItemGroup>
    <ClCompile Include="..\jni\Engine\glMeshFactory.cpp">
      <Filter>源文件</Filter>
    </ClCompile>
    <ClCompile Include="..\jni\Engine\glRenderer.cpp">
      <Filter>源文件</Filter>
    </ClCompile>
    <ClCompile Include="..\jni\Engine\glShaderFactory.cpp">
      <Filter>源文件</Filter>
    </ClCompile>
    <ClCompile Include="..\jni\Engine\OpenGLEngine.cpp">
      <Filter>源文件</Filter>
    </ClCompile>
    <ClCompile Include="..\jni\Engine\Texture.cpp">
      <Filter>源文件</Filter>
    </ClCompile>
    <ClCompile Include="..\jni\Engine\TextureMgr.cpp">
      <Filter>源文件</Filter>
    </ClCompile>
    <ClCompile Include="..\jni\Engine\GameManager.cpp">
      <Filter>源文件</Filter>
    </ClCompile>
    <ClCompile Include="..\jni\Engine\InputManager.cpp">
      <Filter>源文件</Filter>
    </ClCompile>
    <ClCompile Include="..\jni\Engine\ScrolRect.cpp">
      <Filter>源文件</Filter>
    </ClCompile>
    <ClCompile Include="..\jni\Engine\p3type.cpp">
      <Filter>源文件</Filter>
    </ClCompile>
  </ItemGroup>
  <ItemGroup>
    <ClInclude Include="..\jni\Engine\glMeshFactory.h">
      <Filter>头文件</Filter>
    </ClInclude>
    <ClInclude Include="..\jni\Engine\TextureMgr.h">
      <Filter>头文件</Filter>
    </ClInclude>
    <ClInclude Include="..\jni\Engine\Texture.h">
      <Filter>头文件</Filter>
    </ClInclude>
    <ClInclude Include="..\jni\Engine\OpenGLEngine.h">
      <Filter>头文件</Filter>
    </ClInclude>
    <ClInclude Include="..\jni\Engine\htype.h">
      <Filter>头文件</Filter>
    </ClInclude>
    <ClInclude Include="..\jni\Engine\glRenderer.h">
      <Filter>头文件</Filter>
    </ClInclude>
    <ClInclude Include="..\jni\Engine\glShaderFactory.h">
      <Filter>头文件</Filter>
    </ClInclude>
    <ClInclude Include="..\jni\Engine\GameManager.h">
      <Filter>头文件</Filter>
    </ClInclude>
    <ClInclude Include="..\jni\Engine\InputManager.h">
      <Filter>头文件</Filter>
    </ClInclude>
    <ClInclude Include="..\jni\Engine\FastDelegate.h">
      <Filter>头文件</Filter>
    </ClInclude>
    <ClInclude Include="..\jni\Engine\ScrolRect.h">
      <Filter>头文件</Filter>
    </ClInclude>
    <ClInclude Include="..\jni\Engine\BaseCode\p3types.h" />
    <ClInclude Include="..\jni\Engine\BaseCode\P3Primitive.h" />
  </ItemGroup>
</Project>